
Microsoft Visual Studio Solution File, Format Version 12.00
# Visual Studio Version 17
VisualStudioVersion = 17.3.32922.545
MinimumVisualStudioVersion = 10.0.40219.1
Project("{9A19103F-16F7-4668-BE54-9A1E7A4F7556}") = "Parser", "Parser\Parser.csproj", "{352DB0C3-C80F-4D1F-B4BD-E272A8283104}"
EndProject
Project("{9A19103F-16F7-4668-BE54-9A1E7A4F7556}") = "ParserTests", "ParserTests\ParserTests.csproj", "{F9079DE0-C886-4F13-90EA-1EDCDDF2B218}"
EndProject
Project("{9A19103F-16F7-4668-BE54-9A1E7A4F7556}") = "ExpressionSplicer", "..\PEGDemo\ExpressionSplicer\ExpressionSplicer.csproj", "{BA5BE4B6-7107-4D0E-AA68-54789B7A82A4}"
EndProject
Global
	GlobalSection(SolutionConfigurationPlatforms) = preSolution
		Debug|Any CPU = Debug|Any CPU
		Release|Any CPU = Release|Any CPU
	EndGlobalSection
	GlobalSection(ProjectConfigurationPlatforms) = postSolution
		{352DB0C3-C80F-4D1F-B4BD-E272A8283104}.Debug|Any CPU.ActiveCfg = Debug|Any CPU
		{352DB0C3-C80F-4D1F-B4BD-E272A8283104}.Debug|Any CPU.Build.0 = Debug|Any CPU
		{352DB0C3-C80F-4D1F-B4BD-E272A8283104}.Release|Any CPU.ActiveCfg = Release|Any CPU
		{352DB0C3-C80F-4D1F-B4BD-E272A8283104}.Release|Any CPU.Build.0 = Release|Any CPU
		{F9079DE0-C886-4F13-90EA-1EDCDDF2B218}.Debug|Any CPU.ActiveCfg = Debug|Any CPU
		{F9079DE0-C886-4F13-90EA-1EDCDDF2B218}.Debug|Any CPU.Build.0 = Debug|Any CPU
		{F9079DE0-C886-4F13-90EA-1EDCDDF2B218}.Release|Any CPU.ActiveCfg = Release|Any CPU
		{F9079DE0-C886-4F13-90EA-1EDCDDF2B218}.Release|Any CPU.Build.0 = Release|Any CPU
		{BA5BE4B6-7107-4D0E-AA68-54789B7A82A4}.Debug|Any CPU.ActiveCfg = Debug|Any CPU
		{BA5BE4B6-7107-4D0E-AA68-54789B7A82A4}.Debug|Any CPU.Build.0 = Debug|Any CPU
		{BA5BE4B6-7107-4D0E-AA68-54789B7A82A4}.Release|Any CPU.ActiveCfg = Release|Any CPU
		{BA5BE4B6-7107-4D0E-AA68-54789B7A82A4}.Release|Any CPU.Build.0 = Release|Any CPU
	EndGlobalSection
	GlobalSection(SolutionProperties) = preSolution
		HideSolutionNode = FALSE
	EndGlobalSection
	GlobalSection(ExtensibilityGlobals) = postSolution
		SolutionGuid = {B6BBFC8B-F986-462D-8874-8D8E5C2E11D2}
	EndGlobalSection
EndGlobal
